892010631231052384326446267923056740020407334177347220483044940053111544955915460201609436119168397722888101681172489811805120911289413491166451700622351267909914144431462216426216972189526194317306053604159451807124388133015468295301256710392971124915181180631713527269310304434749259601956670571286753218689941784648437034672435882238501227013881949639649047996389146948199628039474524475618479138829361479631863233695384779489946792408225569124176996253871161648537885281052621158291219421818562179663036795768525774721316593697343858484168084170761941424240