8920106312310523843264462679230567400204073341773472204830449400531115449559154602016094361191683977228881016811724898118051209112894134911664517006223512679099141444314622164262169721895261943173060536041594518071243881330154682953012567103929711249151811806317135272693103044347492596019566705712867532186899417846484370346724358822385012270138819496396490479963891469481996280394745244756184791388293614796318632336953847794899467924082255691241769962538711616485378852810526211582912194218185621796630367957685257747213165936973438584841680841707619414242401364089911335914350203212340823271312119699306579616257031759250332871228977