89201063123105238432644626792305674002040733417734722048304494005311154495591546020160943611916839772288810168117248981180512091128941349116645170062235126790991414443146221642621697218952619431730605360415945180712438813301546829530125671039297112491518118063171352726931030443474925960195667057128675321868994178464843703467243588223850122701388194963964904799638914694819962803947452447561847913882936147963186323369538477948994679240822556912417699625387116164853788528105262115829121942181856217966303679576852577472131659369734385848416808417076194142424013640899113359143502032123408232713121196993065796162570317592503328712289772877829408863413629655010189620567917125199192184525047253367177102961540188069644133092636926